# Exact dependency set for reproducing this repository's committed results.
#
# pyproject.toml declares COMPATIBLE ranges (numpy>=1.24 ...), which is right for a library
# but does not pin a reproduction: a stranger resolving those ranges gets different versions
# and, for floating-point results, potentially different numbers.
#
# This file is the resolved set the committed results were produced with. Note `mbi`, which is
# a git dependency with no PyPI release — without the commit pin below, "install private-pgm"
# is not a reproducible instruction.
#
# Captured from: Python 3.11.4 on AMD64
#
# Reproduce with:
#     pip install -r requirements.lock
#     pip install -e . --no-deps
#     make reproduce
#
absl-py==2.5.0
annotated-doc==0.0.5
annotated-types==0.8.0
anyio==4.14.2
ast_serialize==0.8.0
attrs==23.2.0
autodp==0.2.3.1
bandit==1.9.4
black==26.5.1
boolean.py==5.0
CacheControl==0.14.4
certifi==2026.7.22
cffi==2.1.1
charset-normalizer==3.5.0
chex==0.1.92
click==8.4.2
colorama==0.4.6
contourpy==1.3.3
coverage==7.15.4
cryptography==50.0.0
cycler==0.12.1
cyclonedx-python-lib==11.12.0
defusedxml==0.7.1
dm-tree==0.1.10
dp-accounting==0.6.0
fastapi==0.141.1
filelock==3.32.3
folktables==0.0.12
fonttools==4.63.0
h11==0.16.0
httpcore==1.0.9
httpx==0.28.1
hypothesis==6.165.5
idna==3.18
iniconfig==2.3.0
jax==0.10.2
jaxlib==0.10.2
joblib==1.5.3
jsonschema==4.26.0
jsonschema-specifications==2025.9.1
kiwisolver==1.5.0
librt==0.15.0
license-expression==30.4.4
markdown-it-py==4.2.0
matplotlib==3.11.1
mbi @ git+https://github.com/ryan112358/private-pgm.git@78df3419f271ac2c1fa7929aa7adc910a583084f
mdurl==0.1.2
ml_dtypes==0.5.4
mpmath==1.4.1
msgpack==1.2.1
mypy==2.3.0
mypy_extensions==1.1.0
narwhals==2.24.0
networkx==3.6.1
numpy==2.4.6
opt_einsum==3.4.0
optax==0.2.8
packageurl-python==0.17.6
packaging==26.3
pandas==3.0.5
pathspec==1.1.1
patsy==1.0.2
pillow==12.3.0
pip-api==0.0.34
pip-requirements-parser==32.0.1
pip_audit==2.10.1
platformdirs==4.11.2
pluggy==1.6.0
py-serializable==2.1.0
pycparser==3.0
pydantic==2.13.4
pydantic_core==2.46.4
Pygments==2.20.0
pyparsing==3.3.2
pytest==9.1.1
pytest-cov==7.1.0
python-dateutil==2.9.0.post0
python-multipart==0.0.32
pytokens==0.4.1
PyYAML==6.0.3
referencing==0.37.0
requests==2.34.2
rich==15.0.0
rpds-py==2026.6.3
ruff==0.16.2
scikit-learn==1.9.0
scipy==1.17.1
six==1.17.0
sortedcontainers==2.4.0
starlette==1.6.0
statsmodels==0.14.6
stevedore==5.9.0
threadpoolctl==3.6.0
tomli==2.4.1
tomli_w==1.2.0
toolz==1.1.0
typing-inspection==0.4.4
typing_extensions==4.16.0
tzdata==2026.3
urllib3==2.7.0
uvicorn==0.52.1
wrapt==2.3.0
